
Microsoft Visual Studio Solution File, Format Version 12.00
# Visual Studio Version 17
VisualStudioVersion = 17.9.34728.123
MinimumVisualStudioVersion = 10.0.40219.1
Project("{FAE04EC0-301F-11D3-BF4B-00C04F79EFBC}") = "01-Verifica_MQTT_DB", "01-Verifica_MQTT_DB.csproj", "{344C5F05-6853-4350-B3E7-4695C073BEC8}"
EndProject
Global
	GlobalSection(SolutionConfigurationPlatforms) = preSolution
		Debug|Any CPU = Debug|Any CPU
		Release|Any CPU = Release|Any CPU
	EndGlobalSection
	GlobalSection(ProjectConfigurationPlatforms) = postSolution
		{344C5F05-6853-4350-B3E7-4695C073BEC8}.Debug|Any CPU.ActiveCfg = Debug|Any CPU
		{344C5F05-6853-4350-B3E7-4695C073BEC8}.Debug|Any CPU.Build.0 = Debug|Any CPU
		{344C5F05-6853-4350-B3E7-4695C073BEC8}.Release|Any CPU.ActiveCfg = Release|Any CPU
		{344C5F05-6853-4350-B3E7-4695C073BEC8}.Release|Any CPU.Build.0 = Release|Any CPU
	EndGlobalSection
	GlobalSection(SolutionProperties) = preSolution
		HideSolutionNode = FALSE
	EndGlobalSection
	GlobalSection(ExtensibilityGlobals) = postSolution
		SolutionGuid = {F3B2D99D-680C-44DD-BFF4-A5A25ED06B65}
	EndGlobalSection
EndGlobal
